
Microsoft Visual Studio Solution File, Format Version 12.00
# Visual Studio Version 16
VisualStudioVersion = 16.0.30523.141
MinimumVisualStudioVersion = 10.0.40219.1
Project("{8BC9CEB8-8B4A-11D0-8D11-00A0C91BC942}") = "ProjektJA", "ProjektJA\ProjektJA.vcxproj", "{3805CAA6-EDE6-4320-9794-CCBDF776A6EA}"
	ProjectSection(ProjectDependencies) = postProject
		{9ED48739-7160-4831-8EA7-5D7AE3183157} = {9ED48739-7160-4831-8EA7-5D7AE3183157}
		{D52EEA9D-9B57-4F86-9AED-654F6A7E4562} = {D52EEA9D-9B57-4F86-9AED-654F6A7E4562}
	EndProjectSection
EndProject
Project("{8BC9CEB8-8B4A-11D0-8D11-00A0C91BC942}") = "DllCpp", "..\DllCpp\DllCpp\DllCpp.vcxproj", "{D52EEA9D-9B57-4F86-9AED-654F6A7E4562}"
EndProject
Project("{8BC9CEB8-8B4A-11D0-8D11-00A0C91BC942}") = "DllAsm", "..\DllAsm\DllAsm\DllAsm.vcxproj", "{9ED48739-7160-4831-8EA7-5D7AE3183157}"
EndProject
Global
	GlobalSection(SolutionConfigurationPlatforms) = preSolution
		Debug|x64 = Debug|x64
		Debug|x86 = Debug|x86
		Release|x64 = Release|x64
		Release|x86 = Release|x86
	EndGlobalSection
	GlobalSection(ProjectConfigurationPlatforms) = postSolution
		{3805CAA6-EDE6-4320-9794-CCBDF776A6EA}.Debug|x64.ActiveCfg = Debug|x64
		{3805CAA6-EDE6-4320-9794-CCBDF776A6EA}.Debug|x64.Build.0 = Debug|x64
		{3805CAA6-EDE6-4320-9794-CCBDF776A6EA}.Debug|x86.ActiveCfg = Debug|Win32
		{3805CAA6-EDE6-4320-9794-CCBDF776A6EA}.Debug|x86.Build.0 = Debug|Win32
		{3805CAA6-EDE6-4320-9794-CCBDF776A6EA}.Release|x64.ActiveCfg = Release|x64
		{3805CAA6-EDE6-4320-9794-CCBDF776A6EA}.Release|x64.Build.0 = Release|x64
		{3805CAA6-EDE6-4320-9794-CCBDF776A6EA}.Release|x86.ActiveCfg = Release|Win32
		{3805CAA6-EDE6-4320-9794-CCBDF776A6EA}.Release|x86.Build.0 = Release|Win32
		{D52EEA9D-9B57-4F86-9AED-654F6A7E4562}.Debug|x64.ActiveCfg = Debug|x64
		{D52EEA9D-9B57-4F86-9AED-654F6A7E4562}.Debug|x64.Build.0 = Debug|x64
		{D52EEA9D-9B57-4F86-9AED-654F6A7E4562}.Debug|x86.ActiveCfg = Debug|Win32
		{D52EEA9D-9B57-4F86-9AED-654F6A7E4562}.Debug|x86.Build.0 = Debug|Win32
		{D52EEA9D-9B57-4F86-9AED-654F6A7E4562}.Release|x64.ActiveCfg = Release|x64
		{D52EEA9D-9B57-4F86-9AED-654F6A7E4562}.Release|x64.Build.0 = Release|x64
		{D52EEA9D-9B57-4F86-9AED-654F6A7E4562}.Release|x86.ActiveCfg = Release|Win32
		{D52EEA9D-9B57-4F86-9AED-654F6A7E4562}.Release|x86.Build.0 = Release|Win32
		{9ED48739-7160-4831-8EA7-5D7AE3183157}.Debug|x64.ActiveCfg = Debug|x64
		{9ED48739-7160-4831-8EA7-5D7AE3183157}.Debug|x64.Build.0 = Debug|x64
		{9ED48739-7160-4831-8EA7-5D7AE3183157}.Debug|x86.ActiveCfg = Debug|Win32
		{9ED48739-7160-4831-8EA7-5D7AE3183157}.Debug|x86.Build.0 = Debug|Win32
		{9ED48739-7160-4831-8EA7-5D7AE3183157}.Release|x64.ActiveCfg = Release|x64
		{9ED48739-7160-4831-8EA7-5D7AE3183157}.Release|x64.Build.0 = Release|x64
		{9ED48739-7160-4831-8EA7-5D7AE3183157}.Release|x86.ActiveCfg = Release|Win32
		{9ED48739-7160-4831-8EA7-5D7AE3183157}.Release|x86.Build.0 = Release|Win32
	EndGlobalSection
	GlobalSection(SolutionProperties) = preSolution
		HideSolutionNode = FALSE
	EndGlobalSection
	GlobalSection(ExtensibilityGlobals) = postSolution
		SolutionGuid = {CBD2C7CB-70F9-40ED-A2E9-71C1322CE148}
	EndGlobalSection
EndGlobal
